// !$*UTF8*$!
{
	archiveVersion = 1;
	classes = {
	};
	objectVersion = 55;
	objects = {

/* Begin PBXBuildFile section */
		1A8A51EE28E5BBB20086251E /* AppDelegate.swift in Sources */ = {isa = PBXBuildFile; fileRef = 1A8A51ED28E5BBB20086251E /* AppDelegate.swift */; };
		1A8A51F028E5BBB20086251E /* SceneDelegate.swift in Sources */ = {isa = PBXBuildFile; fileRef = 1A8A51EF28E5BBB20086251E /* SceneDelegate.swift */; };
		1A8A51F228E5BBB20086251E /* ViewController.swift in Sources */ = {isa = PBXBuildFile; fileRef = 1A8A51F128E5BBB20086251E /* ViewController.swift */; };
		1A8A51F528E5BBB20086251E /* Main.storyboard in Resources */ = {isa = PBXBuildFile; fileRef = 1A8A51F328E5BBB20086251E /* Main.storyboard */; };
		1A8A51F828E5BBB20086251E /* GraduationProject.xcdatamodeld in Sources */ = {isa = PBXBuildFile; fileRef = 1A8A51F628E5BBB20086251E /* GraduationProject.xcdatamodeld */; };
		1A8A51FA28E5BBB40086251E /* Assets.xcassets in Resources */ = {isa = PBXBuildFile; fileRef = 1A8A51F928E5BBB40086251E /* Assets.xcassets */; };
		1A8A51FD28E5BBB40086251E /* LaunchScreen.storyboard in Resources */ = {isa = PBXBuildFile; fileRef = 1A8A51FB28E5BBB40086251E /* LaunchScreen.storyboard */; };
		1ACACF2C28ECA07A000F8F8F /* SourceSansPro-Italic.ttf in Resources */ = {isa = PBXBuildFile; fileRef = 1ACACF1F28ECA07A000F8F8F /* SourceSansPro-Italic.ttf */; };
		1ACACF2D28ECA07A000F8F8F /* SourceSansPro-SemiBold.ttf in Resources */ = {isa = PBXBuildFile; fileRef = 1ACACF2028ECA07A000F8F8F /* SourceSansPro-SemiBold.ttf */; };
		1ACACF2E28ECA07A000F8F8F /* SourceSansPro-BoldItalic.ttf in Resources */ = {isa = PBXBuildFile; fileRef = 1ACACF2128ECA07A000F8F8F /* SourceSansPro-BoldItalic.ttf */; };
		1ACACF2F28ECA07A000F8F8F /* OFL.txt in Resources */ = {isa = PBXBuildFile; fileRef = 1ACACF2228ECA07A000F8F8F /* OFL.txt */; };
		1ACACF3028ECA07A000F8F8F /* SourceSansPro-Bold.ttf in Resources */ = {isa = PBXBuildFile; fileRef = 1ACACF2328ECA07A000F8F8F /* SourceSansPro-Bold.ttf */; };
		1ACACF3128ECA07A000F8F8F /* SourceSansPro-Black.ttf in Resources */ = {isa = PBXBuildFile; fileRef = 1ACACF2428ECA07A000F8F8F /* SourceSansPro-Black.ttf */; };
		1ACACF3228ECA07A000F8F8F /* SourceSansPro-Light.ttf in Resources */ = {isa = PBXBuildFile; fileRef = 1ACACF2528ECA07A000F8F8F /* SourceSansPro-Light.ttf */; };
		1ACACF3328ECA07A000F8F8F /* SourceSansPro-ExtraLightItalic.ttf in Resources */ = {isa = PBXBuildFile; fileRef = 1ACACF2628ECA07A000F8F8F /* SourceSansPro-ExtraLightItalic.ttf */; };
		1ACACF3428ECA07A000F8F8F /* SourceSansPro-LightItalic.ttf in Resources */ = {isa = PBXBuildFile; fileRef = 1ACACF2728ECA07A000F8F8F /* SourceSansPro-LightItalic.ttf */; };
		1ACACF3528ECA07A000F8F8F /* SourceSansPro-BlackItalic.ttf in Resources */ = {isa = PBXBuildFile; fileRef = 1ACACF2828ECA07A000F8F8F /* SourceSansPro-BlackItalic.ttf */; };
		1ACACF3628ECA07A000F8F8F /* SourceSansPro-SemiBoldItalic.ttf in Resources */ = {isa = PBXBuildFile; fileRef = 1ACACF2928ECA07A000F8F8F /* SourceSansPro-SemiBoldItalic.ttf */; };
		1ACACF3728ECA07A000F8F8F /* SourceSansPro-ExtraLight.ttf in Resources */ = {isa = PBXBuildFile; fileRef = 1ACACF2A28ECA07A000F8F8F /* SourceSansPro-ExtraLight.ttf */; };
		1ACACF3828ECA07A000F8F8F /* SourceSansPro-Regular.ttf in Resources */ = {isa = PBXBuildFile; fileRef = 1ACACF2B28ECA07A000F8F8F /* SourceSansPro-Regular.ttf */; };
		1ACACF3A28ECA336000F8F8F /* SourceSansPro-Bold.ttf in Resources */ = {isa = PBXBuildFile; fileRef = 1ACACF3928ECA336000F8F8F /* SourceSansPro-Bold.ttf */; };
		1ACACF3D28ECB274000F8F8F /* FlightsDetailViewController.swift in Sources */ = {isa = PBXBuildFile; fileRef = 1ACACF3C28ECB274000F8F8F /* FlightsDetailViewController.swift */; };
		1ACACF3F28ECBA27000F8F8F /* HotelsDetailViewController.swift in Sources */ = {isa = PBXBuildFile; fileRef = 1ACACF3E28ECBA27000F8F8F /* HotelsDetailViewController.swift */; };
		1ACACF4228ECC70E000F8F8F /* ArticlesCell.swift in Sources */ = {isa = PBXBuildFile; fileRef = 1ACACF4128ECC70E000F8F8F /* ArticlesCell.swift */; };
		1AE0C0CE28EC859000C93AC4 /* UIViewExtensions.swift in Sources */ = {isa = PBXBuildFile; fileRef = 1AE0C0CD28EC859000C93AC4 /* UIViewExtensions.swift */; };
		1AE0C0DB28EC8CF200C93AC4 /* HomePageModel.swift in Sources */ = {isa = PBXBuildFile; fileRef = 1AE0C0DA28EC8CF200C93AC4 /* HomePageModel.swift */; };
		1AE0C0DD28EC8D0B00C93AC4 /* HomePageEntity.swift in Sources */ = {isa = PBXBuildFile; fileRef = 1AE0C0DC28EC8D0B00C93AC4 /* HomePageEntity.swift */; };
		1AE0C0DF28EC8D3200C93AC4 /* HomePageViewController.swift in Sources */ = {isa = PBXBuildFile; fileRef = 1AE0C0DE28EC8D3200C93AC4 /* HomePageViewController.swift */; };
/* End PBXBuildFile section */

/* Begin PBXFileReference section */
		1A8A51EA28E5BBB20086251E /* GraduationProject.app */ = {isa = PBXFileReference; explicitFileType = wrapper.application; includeInIndex = 0; path = GraduationProject.app; sourceTree = BUILT_PRODUCTS_DIR; };
		1A8A51ED28E5BBB20086251E /* AppDelegate.swift */ = {isa = PBXFileReference; lastKnownFileType = sourcecode.swift; path = AppDelegate.swift; sourceTree = "<group>"; };
		1A8A51EF28E5BBB20086251E /* SceneDelegate.swift */ = {isa = PBXFileReference; lastKnownFileType = sourcecode.swift; path = SceneDelegate.swift; sourceTree = "<group>"; };
		1A8A51F128E5BBB20086251E /* ViewController.swift */ = {isa = PBXFileReference; lastKnownFileType = sourcecode.swift; path = ViewController.swift; sourceTree = "<group>"; };
		1A8A51F428E5BBB20086251E /* Base */ = {isa = PBXFileReference; lastKnownFileType = file.storyboard; name = Base; path = Base.lproj/Main.storyboard; sourceTree = "<group>"; };
		1A8A51F728E5BBB20086251E /* GraduationProject.xcdatamodel */ = {isa = PBXFileReference; lastKnownFileType = wrapper.xcdatamodel; path = GraduationProject.xcdatamodel; sourceTree = "<group>"; };
		1A8A51F928E5BBB40086251E /* Assets.xcassets */ = {isa = PBXFileReference; lastKnownFileType = folder.assetcatalog; path = Assets.xcassets; sourceTree = "<group>"; };
		1A8A51FC28E5BBB40086251E /* Base */ = {isa = PBXFileReference; lastKnownFileType = file.storyboard; name = Base; path = Base.lproj/LaunchScreen.storyboard; sourceTree = "<group>"; };
		1A8A51FE28E5BBB40086251E /* Info.plist */ = {isa = PBXFileReference; lastKnownFileType = text.plist.xml; path = Info.plist; sourceTree = "<group>"; };
		1ACACF1F28ECA07A000F8F8F /* SourceSansPro-Italic.ttf */ = {isa = PBXFileReference; lastKnownFileType = file; path = "SourceSansPro-Italic.ttf"; sourceTree = "<group>"; };
		1ACACF2028ECA07A000F8F8F /* SourceSansPro-SemiBold.ttf */ = {isa = PBXFileReference; lastKnownFileType = file; path = "SourceSansPro-SemiBold.ttf"; sourceTree = "<group>"; };
		1ACACF2128ECA07A000F8F8F /* SourceSansPro-BoldItalic.ttf */ = {isa = PBXFileReference; lastKnownFileType = file; path = "SourceSansPro-BoldItalic.ttf"; sourceTree = "<group>"; };
		1ACACF2228ECA07A000F8F8F /* OFL.txt */ = {isa = PBXFileReference; fileEncoding = 4; lastKnownFileType = text; path = OFL.txt; sourceTree = "<group>"; };
		1ACACF2328ECA07A000F8F8F /* SourceSansPro-Bold.ttf */ = {isa = PBXFileReference; lastKnownFileType = file; path = "SourceSansPro-Bold.ttf"; sourceTree = "<group>"; };
		1ACACF2428ECA07A000F8F8F /* SourceSansPro-Black.ttf */ = {isa = PBXFileReference; lastKnownFileType = file; path = "SourceSansPro-Black.ttf"; sourceTree = "<group>"; };
		1ACACF2528ECA07A000F8F8F /* SourceSansPro-Light.ttf */ = {isa = PBXFileReference; lastKnownFileType = file; path = "SourceSansPro-Light.ttf"; sourceTree = "<group>"; };
		1ACACF2628ECA07A000F8F8F /* SourceSansPro-ExtraLightItalic.ttf */ = {isa = PBXFileReference; lastKnownFileType = file; path = "SourceSansPro-ExtraLightItalic.ttf"; sourceTree = "<group>"; };
		1ACACF2728ECA07A000F8F8F /* SourceSansPro-LightItalic.ttf */ = {isa = PBXFileReference; lastKnownFileType = file; path = "SourceSansPro-LightItalic.ttf"; sourceTree = "<group>"; };
		1ACACF2828ECA07A000F8F8F /* SourceSansPro-BlackItalic.ttf */ = {isa = PBXFileReference; lastKnownFileType = file; path = "SourceSansPro-BlackItalic.ttf"; sourceTree = "<group>"; };
		1ACACF2928ECA07A000F8F8F /* SourceSansPro-SemiBoldItalic.ttf */ = {isa = PBXFileReference; lastKnownFileType = file; path = "SourceSansPro-SemiBoldItalic.ttf"; sourceTree = "<group>"; };
		1ACACF2A28ECA07A000F8F8F /* SourceSansPro-ExtraLight.ttf */ = {isa = PBXFileReference; lastKnownFileType = file; path = "SourceSansPro-ExtraLight.ttf"; sourceTree = "<group>"; };
		1ACACF2B28ECA07A000F8F8F /* SourceSansPro-Regular.ttf */ = {isa = PBXFileReference; lastKnownFileType = file; path = "SourceSansPro-Regular.ttf"; sourceTree = "<group>"; };
		1ACACF3928ECA336000F8F8F /* SourceSansPro-Bold.ttf */ = {isa = PBXFileReference; lastKnownFileType = file; path = "SourceSansPro-Bold.ttf"; sourceTree = "<group>"; };
		1ACACF3C28ECB274000F8F8F /* FlightsDetailViewController.swift */ = {isa = PBXFileReference; lastKnownFileType = sourcecode.swift; path = FlightsDetailViewController.swift; sourceTree = "<group>"; };
		1ACACF3E28ECBA27000F8F8F /* HotelsDetailViewController.swift */ = {isa = PBXFileReference; lastKnownFileType = sourcecode.swift; path = HotelsDetailViewController.swift; sourceTree = "<group>"; };
		1ACACF4128ECC70E000F8F8F /* ArticlesCell.swift */ = {isa = PBXFileReference; lastKnownFileType = sourcecode.swift; path = ArticlesCell.swift; sourceTree = "<group>"; };
		1AE0C0CD28EC859000C93AC4 /* UIViewExtensions.swift */ = {isa = PBXFileReference; lastKnownFileType = sourcecode.swift; path = UIViewExtensions.swift; sourceTree = "<group>"; };
		1AE0C0DA28EC8CF200C93AC4 /* HomePageModel.swift */ = {isa = PBXFileReference; lastKnownFileType = sourcecode.swift; path = HomePageModel.swift; sourceTree = "<group>"; };
		1AE0C0DC28EC8D0B00C93AC4 /* HomePageEntity.swift */ = {isa = PBXFileReference; lastKnownFileType = sourcecode.swift; path = HomePageEntity.swift; sourceTree = "<group>"; };
		1AE0C0DE28EC8D3200C93AC4 /* HomePageViewController.swift */ = {isa = PBXFileReference; lastKnownFileType = sourcecode.swift; path = HomePageViewController.swift; sourceTree = "<group>"; };
/* End PBXFileReference section */

/* Begin PBXFrameworksBuildPhase section */
		1A8A51E728E5BBB20086251E /* Frameworks */ = {
			isa = PBXFrameworksBuildPhase;
			buildActionMask = 2147483647;
			files = (
			);
			runOnlyForDeploymentPostprocessing = 0;
		};
/* End PBXFrameworksBuildPhase section */

/* Begin PBXGroup section */
		1A8A51E128E5BBB20086251E = {
			isa = PBXGroup;
			children = (
				1A8A51EC28E5BBB20086251E /* GraduationProject */,
				1A8A51EB28E5BBB20086251E /* Products */,
			);
			sourceTree = "<group>";
		};
		1A8A51EB28E5BBB20086251E /* Products */ = {
			isa = PBXGroup;
			children = (
				1A8A51EA28E5BBB20086251E /* GraduationProject.app */,
			);
			name = Products;
			sourceTree = "<group>";
		};
		1A8A51EC28E5BBB20086251E /* GraduationProject */ = {
			isa = PBXGroup;
			children = (
				1ACACF1E28ECA061000F8F8F /* Fonts */,
				1A8A51FE28E5BBB40086251E /* Info.plist */,
				1AE0C0CC28EC853C00C93AC4 /* Extensions */,
				1AE0C0CF28EC866A00C93AC4 /* Resources */,
				1AE0C0D028EC868D00C93AC4 /* CoreData */,
				1AE0C0D328EC89D600C93AC4 /* SearchModule */,
				1A8A51F128E5BBB20086251E /* ViewController.swift */,
				1AE0C0D128EC896400C93AC4 /* HomePageModule */,
				1AE0C0D428EC8A1200C93AC4 /* BookmarksModule */,
				1ACACF3B28ECB066000F8F8F /* HotelsDetailModule */,
				1AE0C0D528EC8A3E00C93AC4 /* FlightsDetailModule */,
				1AE0C0D628EC8A8B00C93AC4 /* ContentDetailModule */,
				1AE0C0D228EC899400C93AC4 /* Support */,
			);
			path = GraduationProject;
			sourceTree = "<group>";
		};
		1ACACF1E28ECA061000F8F8F /* Fonts */ = {
			isa = PBXGroup;
			children = (
				1ACACF2228ECA07A000F8F8F /* OFL.txt */,
				1ACACF2428ECA07A000F8F8F /* SourceSansPro-Black.ttf */,
				1ACACF2828ECA07A000F8F8F /* SourceSansPro-BlackItalic.ttf */,
				1ACACF2328ECA07A000F8F8F /* SourceSansPro-Bold.ttf */,
				1ACACF3928ECA336000F8F8F /* SourceSansPro-Bold.ttf */,
				1ACACF2128ECA07A000F8F8F /* SourceSansPro-BoldItalic.ttf */,
				1ACACF2A28ECA07A000F8F8F /* SourceSansPro-ExtraLight.ttf */,
				1ACACF2628ECA07A000F8F8F /* SourceSansPro-ExtraLightItalic.ttf */,
				1ACACF1F28ECA07A000F8F8F /* SourceSansPro-Italic.ttf */,
				1ACACF2528ECA07A000F8F8F /* SourceSansPro-Light.ttf */,
				1ACACF2728ECA07A000F8F8F /* SourceSansPro-LightItalic.ttf */,
				1ACACF2B28ECA07A000F8F8F /* SourceSansPro-Regular.ttf */,
				1ACACF2028ECA07A000F8F8F /* SourceSansPro-SemiBold.ttf */,
				1ACACF2928ECA07A000F8F8F /* SourceSansPro-SemiBoldItalic.ttf */,
			);
			path = Fonts;
			sourceTree = "<group>";
		};
		1ACACF3B28ECB066000F8F8F /* HotelsDetailModule */ = {
			isa = PBXGroup;
			children = (
				1ACACF3E28ECBA27000F8F8F /* HotelsDetailViewController.swift */,
			);
			path = HotelsDetailModule;
			sourceTree = "<group>";
		};
		1ACACF4028ECC697000F8F8F /* Cells */ = {
			isa = PBXGroup;
			children = (
				1ACACF4128ECC70E000F8F8F /* ArticlesCell.swift */,
			);
			path = Cells;
			sourceTree = "<group>";
		};
		1AE0C0CC28EC853C00C93AC4 /* Extensions */ = {
			isa = PBXGroup;
			children = (
				1AE0C0CD28EC859000C93AC4 /* UIViewExtensions.swift */,
			);
			path = Extensions;
			sourceTree = "<group>";
		};
		1AE0C0CF28EC866A00C93AC4 /* Resources */ = {
			isa = PBXGroup;
			children = (
				1A8A51F328E5BBB20086251E /* Main.storyboard */,
				1A8A51FB28E5BBB40086251E /* LaunchScreen.storyboard */,
				1A8A51F928E5BBB40086251E /* Assets.xcassets */,
			);
			path = Resources;
			sourceTree = "<group>";
		};
		1AE0C0D028EC868D00C93AC4 /* CoreData */ = {
			isa = PBXGroup;
			children = (
				1A8A51F628E5BBB20086251E /* GraduationProject.xcdatamodeld */,
			);
			path = CoreData;
			sourceTree = "<group>";
		};
		1AE0C0D128EC896400C93AC4 /* HomePageModule */ = {
			isa = PBXGroup;
			children = (
				1AE0C0D728EC8C8900C93AC4 /* Model */,
				1AE0C0D828EC8C9000C93AC4 /* View */,
				1AE0C0D928EC8CA400C93AC4 /* ViewModel */,
			);
			path = HomePageModule;
			sourceTree = "<group>";
		};
		1AE0C0D228EC899400C93AC4 /* Support */ = {
			isa = PBXGroup;
			children = (
				1A8A51EF28E5BBB20086251E /* SceneDelegate.swift */,
				1A8A51ED28E5BBB20086251E /* AppDelegate.swift */,
			);
			path = Support;
			sourceTree = "<group>";
		};
		1AE0C0D328EC89D600C93AC4 /* SearchModule */ = {
			isa = PBXGroup;
			children = (
			);
			path = SearchModule;
			sourceTree = "<group>";
		};
		1AE0C0D428EC8A1200C93AC4 /* BookmarksModule */ = {
			isa = PBXGroup;
			children = (
			);
			path = BookmarksModule;
			sourceTree = "<group>";
		};
		1AE0C0D528EC8A3E00C93AC4 /* FlightsDetailModule */ = {
			isa = PBXGroup;
			children = (
				1ACACF3C28ECB274000F8F8F /* FlightsDetailViewController.swift */,
			);
			path = FlightsDetailModule;
			sourceTree = "<group>";
		};
		1AE0C0D628EC8A8B00C93AC4 /* ContentDetailModule */ = {
			isa = PBXGroup;
			children = (
			);
			path = ContentDetailModule;
			sourceTree = "<group>";
		};
		1AE0C0D728EC8C8900C93AC4 /* Model */ = {
			isa = PBXGroup;
			children = (
				1AE0C0DA28EC8CF200C93AC4 /* HomePageModel.swift */,
				1AE0C0DC28EC8D0B00C93AC4 /* HomePageEntity.swift */,
			);
			path = Model;
			sourceTree = "<group>";
		};
		1AE0C0D828EC8C9000C93AC4 /* View */ = {
			isa = PBXGroup;
			children = (
				1AE0C0DE28EC8D3200C93AC4 /* HomePageViewController.swift */,
				1ACACF4028ECC697000F8F8F /* Cells */,
			);
			path = View;
			sourceTree = "<group>";
		};
		1AE0C0D928EC8CA400C93AC4 /* ViewModel */ = {
			isa = PBXGroup;
			children = (
			);
			path = ViewModel;
			sourceTree = "<group>";
		};
/* End PBXGroup section */

/* Begin PBXNativeTarget section */
		1A8A51E928E5BBB20086251E /* GraduationProject */ = {
			isa = PBXNativeTarget;
			buildConfigurationList = 1A8A520128E5BBB40086251E /* Build configuration list for PBXNativeTarget "GraduationProject" */;
			buildPhases = (
				1A8A51E628E5BBB20086251E /* Sources */,
				1A8A51E728E5BBB20086251E /* Frameworks */,
				1A8A51E828E5BBB20086251E /* Resources */,
			);
			buildRules = (
			);
			dependencies = (
			);
			name = GraduationProject;
			productName = GraduationProject;
			productReference = 1A8A51EA28E5BBB20086251E /* GraduationProject.app */;
			productType = "com.apple.product-type.application";
		};
/* End PBXNativeTarget section */

/* Begin PBXProject section */
		1A8A51E228E5BBB20086251E /* Project object */ = {
			isa = PBXProject;
			attributes = {
				BuildIndependentTargetsInParallel = 1;
				LastSwiftUpdateCheck = 1340;
				LastUpgradeCheck = 1340;
				TargetAttributes = {
					1A8A51E928E5BBB20086251E = {
						CreatedOnToolsVersion = 13.4.1;
					};
				};
			};
			buildConfigurationList = 1A8A51E528E5BBB20086251E /* Build configuration list for PBXProject "GraduationProject" */;
			compatibilityVersion = "Xcode 13.0";
			developmentRegion = en;
			hasScannedForEncodings = 0;
			knownRegions = (
				en,
				Base,
			);
			mainGroup = 1A8A51E128E5BBB20086251E;
			productRefGroup = 1A8A51EB28E5BBB20086251E /* Products */;
			projectDirPath = "";
			projectRoot = "";
			targets = (
				1A8A51E928E5BBB20086251E /* GraduationProject */,
			);
		};
/* End PBXProject section */

/* Begin PBXResourcesBuildPhase section */
		1A8A51E828E5BBB20086251E /* Resources */ = {
			isa = PBXResourcesBuildPhase;
			buildActionMask = 2147483647;
			files = (
				1ACACF3728ECA07A000F8F8F /* SourceSansPro-ExtraLight.ttf in Resources */,
				1ACACF3628ECA07A000F8F8F /* SourceSansPro-SemiBoldItalic.ttf in Resources */,
				1ACACF3A28ECA336000F8F8F /* SourceSansPro-Bold.ttf in Resources */,
				1ACACF2F28ECA07A000F8F8F /* OFL.txt in Resources */,
				1A8A51FD28E5BBB40086251E /* LaunchScreen.storyboard in Resources */,
				1ACACF2E28ECA07A000F8F8F /* SourceSansPro-BoldItalic.ttf in Resources */,
				1ACACF3228ECA07A000F8F8F /* SourceSansPro-Light.ttf in Resources */,
				1ACACF3528ECA07A000F8F8F /* SourceSansPro-BlackItalic.ttf in Resources */,
				1A8A51FA28E5BBB40086251E /* Assets.xcassets in Resources */,
				1ACACF2D28ECA07A000F8F8F /* SourceSansPro-SemiBold.ttf in Resources */,
				1ACACF3328ECA07A000F8F8F /* SourceSansPro-ExtraLightItalic.ttf in Resources */,
				1ACACF2C28ECA07A000F8F8F /* SourceSansPro-Italic.ttf in Resources */,
				1ACACF3828ECA07A000F8F8F /* SourceSansPro-Regular.ttf in Resources */,
				1A8A51F528E5BBB20086251E /* Main.storyboard in Resources */,
				1ACACF3128ECA07A000F8F8F /* SourceSansPro-Black.ttf in Resources */,
				1ACACF3028ECA07A000F8F8F /* SourceSansPro-Bold.ttf in Resources */,
				1ACACF3428ECA07A000F8F8F /* SourceSansPro-LightItalic.ttf in Resources */,
			);
			runOnlyForDeploymentPostprocessing = 0;
		};
/* End PBXResourcesBuildPhase section */

/* Begin PBXSourcesBuildPhase section */
		1A8A51E628E5BBB20086251E /* Sources */ = {
			isa = PBXSourcesBuildPhase;
			buildActionMask = 2147483647;
			files = (
				1A8A51F228E5BBB20086251E /* ViewController.swift in Sources */,
				1AE0C0CE28EC859000C93AC4 /* UIViewExtensions.swift in Sources */,
				1ACACF3F28ECBA27000F8F8F /* HotelsDetailViewController.swift in Sources */,
				1AE0C0DD28EC8D0B00C93AC4 /* HomePageEntity.swift in Sources */,
				1ACACF4228ECC70E000F8F8F /* ArticlesCell.swift in Sources */,
				1A8A51EE28E5BBB20086251E /* AppDelegate.swift in Sources */,
				1AE0C0DF28EC8D3200C93AC4 /* HomePageViewController.swift in Sources */,
				1AE0C0DB28EC8CF200C93AC4 /* HomePageModel.swift in Sources */,
				1A8A51F028E5BBB20086251E /* SceneDelegate.swift in Sources */,
				1ACACF3D28ECB274000F8F8F /* FlightsDetailViewController.swift in Sources */,
				1A8A51F828E5BBB20086251E /* GraduationProject.xcdatamodeld in Sources */,
			);
			runOnlyForDeploymentPostprocessing = 0;
		};
/* End PBXSourcesBuildPhase section */

/* Begin PBXVariantGroup section */
		1A8A51F328E5BBB20086251E /* Main.storyboard */ = {
			isa = PBXVariantGroup;
			children = (
				1A8A51F428E5BBB20086251E /* Base */,
			);
			name = Main.storyboard;
			sourceTree = "<group>";
		};
		1A8A51FB28E5BBB40086251E /* LaunchScreen.storyboard */ = {
			isa = PBXVariantGroup;
			children = (
				1A8A51FC28E5BBB40086251E /* Base */,
			);
			name = LaunchScreen.storyboard;
			sourceTree = "<group>";
		};
/* End PBXVariantGroup section */

/* Begin XCBuildConfiguration section */
		1A8A51FF28E5BBB40086251E /* Debug */ = {
			isa = XCBuildConfiguration;
			buildSettings = {
				ALWAYS_SEARCH_USER_PATHS = NO;
				CLANG_ANALYZER_NONNULL = YES;
				CLANG_ANALYZER_NUMBER_OBJECT_CONVERSION = YES_AGGRESSIVE;
				CLANG_CXX_LANGUAGE_STANDARD = "gnu++17";
				CLANG_ENABLE_MODULES = YES;
				CLANG_ENABLE_OBJC_ARC = YES;
				CLANG_ENABLE_OBJC_WEAK = YES;
				CLANG_WARN_BLOCK_CAPTURE_AUTORELEASING = YES;
				CLANG_WARN_BOOL_CONVERSION = YES;
				CLANG_WARN_COMMA = YES;
				CLANG_WARN_CONSTANT_CONVERSION = YES;
				CLANG_WARN_DEPRECATED_OBJC_IMPLEMENTATIONS = YES;
				CLANG_WARN_DIRECT_OBJC_ISA_USAGE = YES_ERROR;
				CLANG_WARN_DOCUMENTATION_COMMENTS = YES;
				CLANG_WARN_EMPTY_BODY = YES;
				CLANG_WARN_ENUM_CONVERSION = YES;
				CLANG_WARN_INFINITE_RECURSION = YES;
				CLANG_WARN_INT_CONVERSION = YES;
				CLANG_WARN_NON_LITERAL_NULL_CONVERSION = YES;
				CLANG_WARN_OBJC_IMPLICIT_RETAIN_SELF = YES;
				CLANG_WARN_OBJC_LITERAL_CONVERSION = YES;
				CLANG_WARN_OBJC_ROOT_CLASS = YES_ERROR;
				CLANG_WARN_QUOTED_INCLUDE_IN_FRAMEWORK_HEADER = YES;
				CLANG_WARN_RANGE_LOOP_ANALYSIS = YES;
				CLANG_WARN_STRICT_PROTOTYPES = YES;
				CLANG_WARN_SUSPICIOUS_MOVE = YES;
				CLANG_WARN_UNGUARDED_AVAILABILITY = YES_AGGRESSIVE;
				CLANG_WARN_UNREACHABLE_CODE = YES;
				CLANG_WARN__DUPLICATE_METHOD_MATCH = YES;
				COPY_PHASE_STRIP = NO;
				DEBUG_INFORMATION_FORMAT = dwarf;
				ENABLE_STRICT_OBJC_MSGSEND = YES;
				ENABLE_TESTABILITY = YES;
				GCC_C_LANGUAGE_STANDARD = gnu11;
				GCC_DYNAMIC_NO_PIC = NO;
				GCC_NO_COMMON_BLOCKS = YES;
				GCC_OPTIMIZATION_LEVEL = 0;
				GCC_PREPROCESSOR_DEFINITIONS = (
					"DEBUG=1",
					"$(inherited)",
				);
				GCC_WARN_64_TO_32_BIT_CONVERSION = YES;
				GCC_WARN_ABOUT_RETURN_TYPE = YES_ERROR;
				GCC_WARN_UNDECLARED_SELECTOR = YES;
				GCC_WARN_UNINITIALIZED_AUTOS = YES_AGGRESSIVE;
				GCC_WARN_UNUSED_FUNCTION = YES;
				GCC_WARN_UNUSED_VARIABLE = YES;
				IPHONEOS_DEPLOYMENT_TARGET = 15.5;
				MTL_ENABLE_DEBUG_INFO = INCLUDE_SOURCE;
				MTL_FAST_MATH = YES;
				ONLY_ACTIVE_ARCH = YES;
				SDKROOT = iphoneos;
				SWIFT_ACTIVE_COMPILATION_CONDITIONS = DEBUG;
				SWIFT_OPTIMIZATION_LEVEL = "-Onone";
			};
			name = Debug;
		};
		1A8A520028E5BBB40086251E /* Release */ = {
			isa = XCBuildConfiguration;
			buildSettings = {
				ALWAYS_SEARCH_USER_PATHS = NO;
				CLANG_ANALYZER_NONNULL = YES;
				CLANG_ANALYZER_NUMBER_OBJECT_CONVERSION = YES_AGGRESSIVE;
				CLANG_CXX_LANGUAGE_STANDARD = "gnu++17";
				CLANG_ENABLE_MODULES = YES;
				CLANG_ENABLE_OBJC_ARC = YES;
				CLANG_ENABLE_OBJC_WEAK = YES;
				CLANG_WARN_BLOCK_CAPTURE_AUTORELEASING = YES;
				CLANG_WARN_BOOL_CONVERSION = YES;
				CLANG_WARN_COMMA = YES;
				CLANG_WARN_CONSTANT_CONVERSION = YES;
				CLANG_WARN_DEPRECATED_OBJC_IMPLEMENTATIONS = YES;
				CLANG_WARN_DIRECT_OBJC_ISA_USAGE = YES_ERROR;
				CLANG_WARN_DOCUMENTATION_COMMENTS = YES;
				CLANG_WARN_EMPTY_BODY = YES;
				CLANG_WARN_ENUM_CONVERSION = YES;
				CLANG_WARN_INFINITE_RECURSION = YES;
				CLANG_WARN_INT_CONVERSION = YES;
				CLANG_WARN_NON_LITERAL_NULL_CONVERSION = YES;
				CLANG_WARN_OBJC_IMPLICIT_RETAIN_SELF = YES;
				CLANG_WARN_OBJC_LITERAL_CONVERSION = YES;
				CLANG_WARN_OBJC_ROOT_CLASS = YES_ERROR;
				CLANG_WARN_QUOTED_INCLUDE_IN_FRAMEWORK_HEADER = YES;
				CLANG_WARN_RANGE_LOOP_ANALYSIS = YES;
				CLANG_WARN_STRICT_PROTOTYPES = YES;
				CLANG_WARN_SUSPICIOUS_MOVE = YES;
				CLANG_WARN_UNGUARDED_AVAILABILITY = YES_AGGRESSIVE;
				CLANG_WARN_UNREACHABLE_CODE = YES;
				CLANG_WARN__DUPLICATE_METHOD_MATCH = YES;
				COPY_PHASE_STRIP = NO;
				DEBUG_INFORMATION_FORMAT = "dwarf-with-dsym";
				ENABLE_NS_ASSERTIONS = NO;
				ENABLE_STRICT_OBJC_MSGSEND = YES;
				GCC_C_LANGUAGE_STANDARD = gnu11;
				GCC_NO_COMMON_BLOCKS = YES;
				GCC_WARN_64_TO_32_BIT_CONVERSION = YES;
				GCC_WARN_ABOUT_RETURN_TYPE = YES_ERROR;
				GCC_WARN_UNDECLARED_SELECTOR = YES;
				GCC_WARN_UNINITIALIZED_AUTOS = YES_AGGRESSIVE;
				GCC_WARN_UNUSED_FUNCTION = YES;
				GCC_WARN_UNUSED_VARIABLE = YES;
				IPHONEOS_DEPLOYMENT_TARGET = 15.5;
				MTL_ENABLE_DEBUG_INFO = NO;
				MTL_FAST_MATH = YES;
				SDKROOT = iphoneos;
				SWIFT_COMPILATION_MODE = wholemodule;
				SWIFT_OPTIMIZATION_LEVEL = "-O";
				VALIDATE_PRODUCT = YES;
			};
			name = Release;
		};
		1A8A520228E5BBB40086251E /* Debug */ = {
			isa = XCBuildConfiguration;
			buildSettings = {
				ASSETCATALOG_COMPILER_APPICON_NAME = AppIcon;
				ASSETCATALOG_COMPILER_GLOBAL_ACCENT_COLOR_NAME = AccentColor;
				CODE_SIGN_STYLE = Automatic;
				CURRENT_PROJECT_VERSION = 1;
				DEVELOPMENT_TEAM = L49ZU532QC;
				GENERATE_INFOPLIST_FILE = YES;
				INFOPLIST_FILE = GraduationProject/Info.plist;
				INFOPLIST_KEY_UIApplicationSupportsIndirectInputEvents = YES;
				INFOPLIST_KEY_UILaunchStoryboardName = LaunchScreen;
				INFOPLIST_KEY_UIMainStoryboardFile = Main;
				INFOPLIST_KEY_UISupportedInterfaceOrientations_iPad = "UIInterfaceOrientationPortrait UIInterfaceOrientationPortraitUpsideDown UIInterfaceOrientationLandscapeLeft UIInterfaceOrientationLandscapeRight";
				INFOPLIST_KEY_UISupportedInterfaceOrientations_iPhone = "UIInterfaceOrientationPortrait UIInterfaceOrientationLandscapeLeft UIInterfaceOrientationLandscapeRight";
				LD_RUNPATH_SEARCH_PATHS = (
					"$(inherited)",
					"@executable_path/Frameworks",
				);
				MARKETING_VERSION = 1.0;
				PRODUCT_BUNDLE_IDENTIFIER = com.wasabi.GraduationProject;
				PRODUCT_NAME = "$(TARGET_NAME)";
				SWIFT_EMIT_LOC_STRINGS = YES;
				SWIFT_VERSION = 5.0;
				TARGETED_DEVICE_FAMILY = "1,2";
			};
			name = Debug;
		};
		1A8A520328E5BBB40086251E /* Release */ = {
			isa = XCBuildConfiguration;
			buildSettings = {
				ASSETCATALOG_COMPILER_APPICON_NAME = AppIcon;
				ASSETCATALOG_COMPILER_GLOBAL_ACCENT_COLOR_NAME = AccentColor;
				CODE_SIGN_STYLE = Automatic;
				CURRENT_PROJECT_VERSION = 1;
				DEVELOPMENT_TEAM = L49ZU532QC;
				GENERATE_INFOPLIST_FILE = YES;
				INFOPLIST_FILE = GraduationProject/Info.plist;
				INFOPLIST_KEY_UIApplicationSupportsIndirectInputEvents = YES;
				INFOPLIST_KEY_UILaunchStoryboardName = LaunchScreen;
				INFOPLIST_KEY_UIMainStoryboardFile = Main;
				INFOPLIST_KEY_UISupportedInterfaceOrientations_iPad = "UIInterfaceOrientationPortrait UIInterfaceOrientationPortraitUpsideDown UIInterfaceOrientationLandscapeLeft UIInterfaceOrientationLandscapeRight";
				INFOPLIST_KEY_UISupportedInterfaceOrientations_iPhone = "UIInterfaceOrientationPortrait UIInterfaceOrientationLandscapeLeft UIInterfaceOrientationLandscapeRight";
				LD_RUNPATH_SEARCH_PATHS = (
					"$(inherited)",
					"@executable_path/Frameworks",
				);
				MARKETING_VERSION = 1.0;
				PRODUCT_BUNDLE_IDENTIFIER = com.wasabi.GraduationProject;
				PRODUCT_NAME = "$(TARGET_NAME)";
				SWIFT_EMIT_LOC_STRINGS = YES;
				SWIFT_VERSION = 5.0;
				TARGETED_DEVICE_FAMILY = "1,2";
			};
			name = Release;
		};
/* End XCBuildConfiguration section */

/* Begin XCConfigurationList section */
		1A8A51E528E5BBB20086251E /* Build configuration list for PBXProject "GraduationProject" */ = {
			isa = XCConfigurationList;
			buildConfigurations = (
				1A8A51FF28E5BBB40086251E /* Debug */,
				1A8A520028E5BBB40086251E /* Release */,
			);
			defaultConfigurationIsVisible = 0;
			defaultConfigurationName = Release;
		};
		1A8A520128E5BBB40086251E /* Build configuration list for PBXNativeTarget "GraduationProject" */ = {
			isa = XCConfigurationList;
			buildConfigurations = (
				1A8A520228E5BBB40086251E /* Debug */,
				1A8A520328E5BBB40086251E /* Release */,
			);
			defaultConfigurationIsVisible = 0;
			defaultConfigurationName = Release;
		};
/* End XCConfigurationList section */

/* Begin XCVersionGroup section */
		1A8A51F628E5BBB20086251E /* GraduationProject.xcdatamodeld */ = {
			isa = XCVersionGroup;
			children = (
				1A8A51F728E5BBB20086251E /* GraduationProject.xcdatamodel */,
			);
			currentVersion = 1A8A51F728E5BBB20086251E /* GraduationProject.xcdatamodel */;
			path = GraduationProject.xcdatamodeld;
			sourceTree = "<group>";
			versionGroupType = wrapper.xcdatamodel;
		};
/* End XCVersionGroup section */
	};
	rootObject = 1A8A51E228E5BBB20086251E /* Project object */;
}
